
Microsoft Visual Studio Solution File, Format Version 12.00
# Visual Studio Version 16
VisualStudioVersion = 16.0.30611.23
MinimumVisualStudioVersion = 10.0.40219.1
Project("{FAE04EC0-301F-11D3-BF4B-00C04F79EFBC}") = "MethodsWithLoopsAndConditionals", "MethodsWithLoopsAndConditionals\MethodsWithLoopsAndConditionals.csproj", "{3955201B-B362-4E06-9760-30FF7DD4BAF7}"
EndProject
Global
	GlobalSection(SolutionConfigurationPlatforms) = preSolution
		Debug|Any CPU = Debug|Any CPU
		Release|Any CPU = Release|Any CPU
	EndGlobalSection
	GlobalSection(ProjectConfigurationPlatforms) = postSolution
		{3955201B-B362-4E06-9760-30FF7DD4BAF7}.Debug|Any CPU.ActiveCfg = Debug|Any CPU
		{3955201B-B362-4E06-9760-30FF7DD4BAF7}.Debug|Any CPU.Build.0 = Debug|Any CPU
		{3955201B-B362-4E06-9760-30FF7DD4BAF7}.Release|Any CPU.ActiveCfg = Release|Any CPU
		{3955201B-B362-4E06-9760-30FF7DD4BAF7}.Release|Any CPU.Build.0 = Release|Any CPU
	EndGlobalSection
	GlobalSection(SolutionProperties) = preSolution
		HideSolutionNode = FALSE
	EndGlobalSection
	GlobalSection(ExtensibilityGlobals) = postSolution
		SolutionGuid = {38C00110-9B35-465E-B86F-58AA2C85DF6B}
	EndGlobalSection
EndGlobal
